// !$*UTF8*$!
{
	archiveVersion = 1;
	classes = {
	};
	objectVersion = 46;
	objects = {

/* Begin PBXBuildFile section */
		1A5630A145DA548674F55D8A /* MainViewController.m in Sources */ = {isa = PBXBuildFile; fileRef = 1A5634A5C42DF177E40FC708 /* MainViewController.m */; };
		1A5630DA56326971E16C4A7F /* NSNotificationCenter+Connection.m in Sources */ = {isa = PBXBuildFile; fileRef = 1A5632B8F3EE832193C0BE2C /* NSNotificationCenter+Connection.m */; };
		1A5630DDE00C5C0BD6CD00B7 /* ISKeyboardLayoutHeIL.m in Sources */ = {isa = PBXBuildFile; fileRef = 1A56365C6A5364BD9B8EFE63 /* ISKeyboardLayoutHeIL.m */; };
		1A5630F4E4EC966CEC5FE964 /* ISManager.m in Sources */ = {isa = PBXBuildFile; fileRef = 1A5639DE9F9D0796B7136ACE /* ISManager.m */; };
		1A563158D608E5DA6F7A0631 /* ISConsumerHandler.m in Sources */ = {isa = PBXBuildFile; fileRef = 1A56391697C18EE5F058545C /* ISConsumerHandler.m */; };
		1A5631821C49A103090CA23B /* ISDeviceStatusProvider.m in Sources */ = {isa = PBXBuildFile; fileRef = 1A563B6C1C285A8B1E3C2E73 /* ISDeviceStatusProvider.m */; };
		1A56319F05EE2D0D95026B05 /* ISKeyboardHandler.m in Sources */ = {isa = PBXBuildFile; fileRef = 1A5635CEAE01A45398203237 /* ISKeyboardHandler.m */; };
		1A5631CFB16B5A09F35B8D5B /* LaunchScreen.xib in Resources */ = {isa = PBXBuildFile; fileRef = 1A5638F0345ACADC928D3C3D /* LaunchScreen.xib */; };
		1A56328F2E6462F20467E7F0 /* ISKeyboardLayoutNbNO.m in Sources */ = {isa = PBXBuildFile; fileRef = 1A563B4C57A8FEE58DA41864 /* ISKeyboardLayoutNbNO.m */; };
		1A5632F7712476DB0D787221 /* ISKeyboardLayoutEnGB.m in Sources */ = {isa = PBXBuildFile; fileRef = 1A5631D84B5484B48F442236 /* ISKeyboardLayoutEnGB.m */; };
		1A56332A344B73EA5E18898D /* ISConnectionManager.m in Sources */ = {isa = PBXBuildFile; fileRef = 1A563FA603EC5AFA1639DB3A /* ISConnectionManager.m */; };
		1A5633ED7773FBAA9449C7D4 /* ISDemoGamepadViewController.m in Sources */ = {isa = PBXBuildFile; fileRef = 1A5632B4AC9371BB51A7875B /* ISDemoGamepadViewController.m */; };
		1A5634A330E3FFD83B19F3CC /* ISConnectionPacketFactory.m in Sources */ = {isa = PBXBuildFile; fileRef = 1A5634128BE80F37235F2444 /* ISConnectionPacketFactory.m */; };
		1A5634E5E2CEEF2F150E872C /* ISKeyboardLayoutDaDK.m in Sources */ = {isa = PBXBuildFile; fileRef = 1A563B037582F1884772E95C /* ISKeyboardLayoutDaDK.m */; };
		1A5635485BB67068981EBE94 /* ISDeviceSelectionTableViewCell.m in Sources */ = {isa = PBXBuildFile; fileRef = 1A5633C75A38D31D3D2AE4E1 /* ISDeviceSelectionTableViewCell.m */; };
		1A563573393D697EA96B3DDE /* NSNotificationCenter+DeviceStatus.m in Sources */ = {isa = PBXBuildFile; fileRef = 1A563334626A46822091DA7E /* NSNotificationCenter+DeviceStatus.m */; };
		1A56357959DD61E0D1582E9D /* MBProgressHUD.m in Sources */ = {isa = PBXBuildFile; fileRef = 1A563CA158B822E14A48AFB3 /* MBProgressHUD.m */; };
		1A563597384AC5528E5EE898 /* ISKeyboardLayoutItIT.m in Sources */ = {isa = PBXBuildFile; fileRef = 1A56392E2274498A5B3C95EA /* ISKeyboardLayoutItIT.m */; };
		1A56363576303460C1C8AE69 /* ISGamepadHandler.m in Sources */ = {isa = PBXBuildFile; fileRef = 1A5633842DEFF4F9FB846550 /* ISGamepadHandler.m */; };
		1A56367EE14E8BCD8D608301 /* NSData+CRC.m in Sources */ = {isa = PBXBuildFile; fileRef = 1A563AC0CBDA5D2B11CEB8D3 /* NSData+CRC.m */; };
		1A5636A06376901FF58C434E /* ISKeyboardLayoutDeDE.m in Sources */ = {isa = PBXBuildFile; fileRef = 1A56328A9BE00A1A3F72F89A /* ISKeyboardLayoutDeDE.m */; };
		1A5636B88067C780E01BF0B8 /* ISDemoConsumerViewController.m in Sources */ = {isa = PBXBuildFile; fileRef = 1A563FBFA2B6F247CA0817B0 /* ISDemoConsumerViewController.m */; };
		1A5636D4D3F64F8E21865873 /* ISKeyboardLayoutRuRU.m in Sources */ = {isa = PBXBuildFile; fileRef = 1A56331DAB757BF5324646BB /* ISKeyboardLayoutRuRU.m */; };
		1A5637227F8BCAB8CB2E0501 /* ISKeyboardLayoutPlPL.m in Sources */ = {isa = PBXBuildFile; fileRef = 1A56315FA1324101CAC1CBA0 /* ISKeyboardLayoutPlPL.m */; };
		1A5637994261EF872C38100D /* ISKeyboardLayoutEnDV.m in Sources */ = {isa = PBXBuildFile; fileRef = 1A563FAFF566621BC4D69DEE /* ISKeyboardLayoutEnDV.m */; };
		1A5637D11D4664F14C46DEB6 /* ISKeyboardLayoutFrCH.m in Sources */ = {isa = PBXBuildFile; fileRef = 1A5639F82CF5E93FA64D370F /* ISKeyboardLayoutFrCH.m */; };
		1A563833303AC2059A96FE14 /* ISKeyboardLayoutDeCH.m in Sources */ = {isa = PBXBuildFile; fileRef = 1A56397956918337284FD381 /* ISKeyboardLayoutDeCH.m */; };
		1A56384BF625876149B8A43C /* ISKeyboardLayoutFiFI.m in Sources */ = {isa = PBXBuildFile; fileRef = 1A563754930018E392DC5009 /* ISKeyboardLayoutFiFI.m */; };
		1A56385B6571044EB37939C7 /* ISReport.m in Sources */ = {isa = PBXBuildFile; fileRef = 1A563EE359606208EC39EE82 /* ISReport.m */; };
		1A56387018314D433A3D66C6 /* CoreBluetooth.framework in Frameworks */ = {isa = PBXBuildFile; fileRef = 1A563C16E5E7A0787536C4DA /* CoreBluetooth.framework */; };
		1A5638976E9987A6BF8DA249 /* ISBluetoothBuffer.m in Sources */ = {isa = PBXBuildFile; fileRef = 1A56335C997B7F56F780E3D0 /* ISBluetoothBuffer.m */; };
		1A56389F910005A0D934B674 /* ISDemoMouseViewController.m in Sources */ = {isa = PBXBuildFile; fileRef = 1A563EA097511028BA2D5F5A /* ISDemoMouseViewController.m */; };
		1A5638EA3EAF71E725605B73 /* ISKeyboardLayoutEsES.m in Sources */ = {isa = PBXBuildFile; fileRef = 1A563D8A1CD488BB02B6D452 /* ISKeyboardLayoutEsES.m */; };
		1A5639305774A12EF3801978 /* ISKeyboardLayoutSkSK.m in Sources */ = {isa = PBXBuildFile; fileRef = 1A56309442A6BC6AE2BA6881 /* ISKeyboardLayoutSkSK.m */; };
		1A56396EB77E19D1623DB908 /* Images.xcassets in Resources */ = {isa = PBXBuildFile; fileRef = 1A56348287AEAF55C1A9F41A /* Images.xcassets */; };
		1A563A8C8A3D12E31977B1F8 /* ISKeyboardLayoutSvSE.m in Sources */ = {isa = PBXBuildFile; fileRef = 1A5630F4792C46497F82A687 /* ISKeyboardLayoutSvSE.m */; };
		1A563AA04D428AB50C53E328 /* ISDemoSelectKeyboardViewController.m in Sources */ = {isa = PBXBuildFile; fileRef = 1A563BCFD85543F851711DCB /* ISDemoSelectKeyboardViewController.m */; };
		1A563AC369AF3BA24091E537 /* ISKeyboardLedsState.m in Sources */ = {isa = PBXBuildFile; fileRef = 1A563A64D0DACD0A80ED9C23 /* ISKeyboardLedsState.m */; };
		1A563B4B4BB1D9D0175AE3DD /* ISKeyboardLayoutEnUS.m in Sources */ = {isa = PBXBuildFile; fileRef = 1A56352A412842CCB541B1E2 /* ISKeyboardLayoutEnUS.m */; };
		1A563BB41E1566D37CB4DB77 /* TxPacket.m in Sources */ = {isa = PBXBuildFile; fileRef = 1A563BAEE8A9058FE54DF75D /* TxPacket.m */; };
		1A563C1ED575A6DC5819859C /* ISDemoKeyboardViewController.m in Sources */ = {isa = PBXBuildFile; fileRef = 1A56394DB5FEB49CA8866CC5 /* ISDemoKeyboardViewController.m */; };
		1A563C333460D53B96F0CE81 /* ISKeyboardLayoutPtBR.m in Sources */ = {isa = PBXBuildFile; fileRef = 1A56394C5110BDB6E6262005 /* ISKeyboardLayoutPtBR.m */; };
		1A563C43B1C098CEE418A5A8 /* UIColor+ISDemo.m in Sources */ = {isa = PBXBuildFile; fileRef = 1A56342BE8880220D060E009 /* UIColor+ISDemo.m */; };
		1A563CC0B9977B66B69F7564 /* LICENSE in Resources */ = {isa = PBXBuildFile; fileRef = 1A56345FEB229315E9647BF0 /* LICENSE */; };
		1A563CCCF609FD3150838D52 /* AppDelegate.m in Sources */ = {isa = PBXBuildFile; fileRef = 1A5638802C6321577A417A4C /* AppDelegate.m */; };
		1A563D601D9E8367EE484CDF /* TxPacket+Report.m in Sources */ = {isa = PBXBuildFile; fileRef = 1A5636CE7BA9DE7680FA013A /* TxPacket+Report.m */; };
		1A563DE2305F8571855A4343 /* ISDeviceBuffersState.m in Sources */ = {isa = PBXBuildFile; fileRef = 1A563DA13E86C357CFF3CE4D /* ISDeviceBuffersState.m */; };
		1A563DE4894C3E428BBFA8D0 /* ISDemoConsumerCellDefinition.m in Sources */ = {isa = PBXBuildFile; fileRef = 1A563418470C576DEB188F22 /* ISDemoConsumerCellDefinition.m */; };
		1A563DFD4E3B71AF2743E3D1 /* ISKeyboardLayoutFrFR.m in Sources */ = {isa = PBXBuildFile; fileRef = 1A5632AEFC7F810A50838A3E /* ISKeyboardLayoutFrFR.m */; };
		1A563E0B44A5261A6B145EB8 /* main.m in Sources */ = {isa = PBXBuildFile; fileRef = 1A5635B104886BF95F459B3C /* main.m */; };
		1A563E2F506C8F2DF0BE65AE /* ISMouseHandler.m in Sources */ = {isa = PBXBuildFile; fileRef = 1A5634E76F7E2DBA3DDE02C4 /* ISMouseHandler.m */; };
		1A563E7C394EA3F00D6B6359 /* ISDemoMouseInputView.m in Sources */ = {isa = PBXBuildFile; fileRef = 1A563D7E1E26EC19BB1D209A /* ISDemoMouseInputView.m */; };
		1A563E92DB67C1CC41688484 /* ISKeyboardLayoutDeDEMac.m in Sources */ = {isa = PBXBuildFile; fileRef = 1A563AF1EA1B27CF4C284F6D /* ISKeyboardLayoutDeDEMac.m */; };
		1A563F07E7DD98C90FC0FF49 /* ISDeviceSelectionViewController.m in Sources */ = {isa = PBXBuildFile; fileRef = 1A563023D2230A83DEEADB67 /* ISDeviceSelectionViewController.m */; };
		1A563F1C7314AA6D5AA315FE /* TxPacket+KeyboardKeyModel.m in Sources */ = {isa = PBXBuildFile; fileRef = 1A563C20EF3586C418B81005 /* TxPacket+KeyboardKeyModel.m */; };
		1A563F3D71999A8EE3738F09 /* NSNotificationCenter+Helpers.m in Sources */ = {isa = PBXBuildFile; fileRef = 1A5630D6859DF8AA478AF000 /* NSNotificationCenter+Helpers.m */; };
		1A563F8D73AF53B9FF4255AC /* ISKeyboardKeyModel.m in Sources */ = {isa = PBXBuildFile; fileRef = 1A5632BEA22372BEEDBC3A56 /* ISKeyboardKeyModel.m */; };
/* End PBXBuildFile section */

/* Begin PBXFileReference section */
		1A563023D2230A83DEEADB67 /* ISDeviceSelectionViewController.m */ = {isa = PBXFileReference; fileEncoding = 4; lastKnownFileType = sourcecode.c.objc; path = ISDeviceSelectionViewController.m; sourceTree = "<group>"; };
		1A56303DB26C71E6C881D62F /* ISKeyboardLayoutFiFI.h */ = {isa = PBXFileReference; fileEncoding = 4; lastKnownFileType = sourcecode.c.h; path = ISKeyboardLayoutFiFI.h; sourceTree = "<group>"; };
		1A563090F5CED983B422D5DB /* ISKeyboardLayoutPtBR.h */ = {isa = PBXFileReference; fileEncoding = 4; lastKnownFileType = sourcecode.c.h; path = ISKeyboardLayoutPtBR.h; sourceTree = "<group>"; };
		1A56309442A6BC6AE2BA6881 /* ISKeyboardLayoutSkSK.m */ = {isa = PBXFileReference; fileEncoding = 4; lastKnownFileType = sourcecode.c.objc; path = ISKeyboardLayoutSkSK.m; sourceTree = "<group>"; };
		1A56309968B4BD29BF6D8B0F /* ISKeyboardLayoutRuRU.h */ = {isa = PBXFileReference; fileEncoding = 4; lastKnownFileType = sourcecode.c.h; path = ISKeyboardLayoutRuRU.h; sourceTree = "<group>"; };
		1A5630D6859DF8AA478AF000 /* NSNotificationCenter+Helpers.m */ = {isa = PBXFileReference; fileEncoding = 4; lastKnownFileType = sourcecode.c.objc; path = "NSNotificationCenter+Helpers.m"; sourceTree = "<group>"; };
		1A5630F4792C46497F82A687 /* ISKeyboardLayoutSvSE.m */ = {isa = PBXFileReference; fileEncoding = 4; lastKnownFileType = sourcecode.c.objc; path = ISKeyboardLayoutSvSE.m; sourceTree = "<group>"; };
		1A56315FA1324101CAC1CBA0 /* ISKeyboardLayoutPlPL.m */ = {isa = PBXFileReference; fileEncoding = 4; lastKnownFileType = sourcecode.c.objc; path = ISKeyboardLayoutPlPL.m; sourceTree = "<group>"; };
		1A56318AF6DF35E7AD1BDCB5 /* ISKeyboardLayoutSvSE.h */ = {isa = PBXFileReference; fileEncoding = 4; lastKnownFileType = sourcecode.c.h; path = ISKeyboardLayoutSvSE.h; sourceTree = "<group>"; };
		1A5631D84B5484B48F442236 /* ISKeyboardLayoutEnGB.m */ = {isa = PBXFileReference; fileEncoding = 4; lastKnownFileType = sourcecode.c.objc; path = ISKeyboardLayoutEnGB.m; sourceTree = "<group>"; };
		1A5631EED0C384A99D08BDF8 /* ISKeyCodesTable.h */ = {isa = PBXFileReference; fileEncoding = 4; lastKnownFileType = sourcecode.c.h; path = ISKeyCodesTable.h; sourceTree = "<group>"; };
		1A5632403AA5756E3384AD93 /* ISMouseHandler.h */ = {isa = PBXFileReference; fileEncoding = 4; lastKnownFileType = sourcecode.c.h; path = ISMouseHandler.h; sourceTree = "<group>"; };
		1A56328A9BE00A1A3F72F89A /* ISKeyboardLayoutDeDE.m */ = {isa = PBXFileReference; fileEncoding = 4; lastKnownFileType = sourcecode.c.objc; path = ISKeyboardLayoutDeDE.m; sourceTree = "<group>"; };
		1A56329D1237EBB2393C4291 /* ISDeviceBuffersState.h */ = {isa = PBXFileReference; fileEncoding = 4; lastKnownFileType = sourcecode.c.h; path = ISDeviceBuffersState.h; sourceTree = "<group>"; };
		1A5632AEFC7F810A50838A3E /* ISKeyboardLayoutFrFR.m */ = {isa = PBXFileReference; fileEncoding = 4; lastKnownFileType = sourcecode.c.objc; path = ISKeyboardLayoutFrFR.m; sourceTree = "<group>"; };
		1A5632B4AC9371BB51A7875B /* ISDemoGamepadViewController.m */ = {isa = PBXFileReference; fileEncoding = 4; lastKnownFileType = sourcecode.c.objc; path = ISDemoGamepadViewController.m; sourceTree = "<group>"; };
		1A5632B8F3EE832193C0BE2C /* NSNotificationCenter+Connection.m */ = {isa = PBXFileReference; fileEncoding = 4; lastKnownFileType = sourcecode.c.objc; path = "NSNotificationCenter+Connection.m"; sourceTree = "<group>"; };
		1A5632BC42BAC5BB3899957C /* ISKeyboardKeyModel.h */ = {isa = PBXFileReference; fileEncoding = 4; lastKnownFileType = sourcecode.c.h; path = ISKeyboardKeyModel.h; sourceTree = "<group>"; };
		1A5632BEA22372BEEDBC3A56 /* ISKeyboardKeyModel.m */ = {isa = PBXFileReference; fileEncoding = 4; lastKnownFileType = sourcecode.c.objc; path = ISKeyboardKeyModel.m; sourceTree = "<group>"; };
		1A5632EF6578985A519A85E7 /* NSNotificationCenter+Connection.h */ = {isa = PBXFileReference; fileEncoding = 4; lastKnownFileType = sourcecode.c.h; path = "NSNotificationCenter+Connection.h"; sourceTree = "<group>"; };
		1A56331DAB757BF5324646BB /* ISKeyboardLayoutRuRU.m */ = {isa = PBXFileReference; fileEncoding = 4; lastKnownFileType = sourcecode.c.objc; path = ISKeyboardLayoutRuRU.m; sourceTree = "<group>"; };
		1A56332E490F1BBD02557025 /* ISKeyboardHandler.h */ = {isa = PBXFileReference; fileEncoding = 4; lastKnownFileType = sourcecode.c.h; path = ISKeyboardHandler.h; sourceTree = "<group>"; };
		1A563334626A46822091DA7E /* NSNotificationCenter+DeviceStatus.m */ = {isa = PBXFileReference; fileEncoding = 4; lastKnownFileType = sourcecode.c.objc; path = "NSNotificationCenter+DeviceStatus.m"; sourceTree = "<group>"; };
		1A56335C997B7F56F780E3D0 /* ISBluetoothBuffer.m */ = {isa = PBXFileReference; fileEncoding = 4; lastKnownFileType = sourcecode.c.objc; path = ISBluetoothBuffer.m; sourceTree = "<group>"; };
		1A5633842DEFF4F9FB846550 /* ISGamepadHandler.m */ = {isa = PBXFileReference; fileEncoding = 4; lastKnownFileType = sourcecode.c.objc; path = ISGamepadHandler.m; sourceTree = "<group>"; };
		1A5633C75A38D31D3D2AE4E1 /* ISDeviceSelectionTableViewCell.m */ = {isa = PBXFileReference; fileEncoding = 4; lastKnownFileType = sourcecode.c.objc; path = ISDeviceSelectionTableViewCell.m; sourceTree = "<group>"; };
		1A5634128BE80F37235F2444 /* ISConnectionPacketFactory.m */ = {isa = PBXFileReference; fileEncoding = 4; lastKnownFileType = sourcecode.c.objc; path = ISConnectionPacketFactory.m; sourceTree = "<group>"; };
		1A563418470C576DEB188F22 /* ISDemoConsumerCellDefinition.m */ = {isa = PBXFileReference; fileEncoding = 4; lastKnownFileType = sourcecode.c.objc; path = ISDemoConsumerCellDefinition.m; sourceTree = "<group>"; };
		1A56342BE8880220D060E009 /* UIColor+ISDemo.m */ = {isa = PBXFileReference; fileEncoding = 4; lastKnownFileType = sourcecode.c.objc; path = "UIColor+ISDemo.m"; sourceTree = "<group>"; };
		1A56345FEB229315E9647BF0 /* LICENSE */ = {isa = PBXFileReference; fileEncoding = 4; lastKnownFileType = text; path = LICENSE; sourceTree = "<group>"; };
		1A563461ACF952A08AA09D0B /* ISDeviceStatusProvider.h */ = {isa = PBXFileReference; fileEncoding = 4; lastKnownFileType = sourcecode.c.h; path = ISDeviceStatusProvider.h; sourceTree = "<group>"; };
		1A563476EF75582B4EC0E9BE /* ISDemoConsumerCellDefinition.h */ = {isa = PBXFileReference; fileEncoding = 4; lastKnownFileType = sourcecode.c.h; path = ISDemoConsumerCellDefinition.h; sourceTree = "<group>"; };
		1A56348287AEAF55C1A9F41A /* Images.xcassets */ = {isa = PBXFileReference; lastKnownFileType = folder.assetcatalog; path = Images.xcassets; sourceTree = "<group>"; };
		1A5634978869B73EBA63FB3B /* ISDemoMouseInputView.h */ = {isa = PBXFileReference; fileEncoding = 4; lastKnownFileType = sourcecode.c.h; path = ISDemoMouseInputView.h; sourceTree = "<group>"; };
		1A5634A5C42DF177E40FC708 /* MainViewController.m */ = {isa = PBXFileReference; fileEncoding = 4; lastKnownFileType = sourcecode.c.objc; path = MainViewController.m; sourceTree = "<group>"; };
		1A5634D6442DFCEC76EC4DE4 /* ISPacketFactory.h */ = {isa = PBXFileReference; fileEncoding = 4; lastKnownFileType = sourcecode.c.h; path = ISPacketFactory.h; sourceTree = "<group>"; };
		1A5634E76F7E2DBA3DDE02C4 /* ISMouseHandler.m */ = {isa = PBXFileReference; fileEncoding = 4; lastKnownFileType = sourcecode.c.objc; path = ISMouseHandler.m; sourceTree = "<group>"; };
		1A563510BECFD067ABB915AD /* ISKeyboardLayoutDeDEMac.h */ = {isa = PBXFileReference; fileEncoding = 4; lastKnownFileType = sourcecode.c.h; path = ISKeyboardLayoutDeDEMac.h; sourceTree = "<group>"; };
		1A56352A412842CCB541B1E2 /* ISKeyboardLayoutEnUS.m */ = {isa = PBXFileReference; fileEncoding = 4; lastKnownFileType = sourcecode.c.objc; path = ISKeyboardLayoutEnUS.m; sourceTree = "<group>"; };
		1A563540B1F40ECC879A3F45 /* ISKeyboardLayoutNbNO.h */ = {isa = PBXFileReference; fileEncoding = 4; lastKnownFileType = sourcecode.c.h; path = ISKeyboardLayoutNbNO.h; sourceTree = "<group>"; };
		1A56355B1E811A9992CB3BDD /* ISDemoKeyboardViewController.h */ = {isa = PBXFileReference; fileEncoding = 4; lastKnownFileType = sourcecode.c.h; path = ISDemoKeyboardViewController.h; sourceTree = "<group>"; };
		1A56355E04DE701553510101 /* ISDemoSelectKeyboardViewController.h */ = {isa = PBXFileReference; fileEncoding = 4; lastKnownFileType = sourcecode.c.h; path = ISDemoSelectKeyboardViewController.h; sourceTree = "<group>"; };
		1A5635B104886BF95F459B3C /* main.m */ = {isa = PBXFileReference; lastKnownFileType = sourcecode.c.objc; path = main.m; sourceTree = "<group>"; };
		1A5635CEAE01A45398203237 /* ISKeyboardHandler.m */ = {isa = PBXFileReference; fileEncoding = 4; lastKnownFileType = sourcecode.c.objc; path = ISKeyboardHandler.m; sourceTree = "<group>"; };
		1A5635F39978C43C95758F6F /* ISHIDHandler.h */ = {isa = PBXFileReference; fileEncoding = 4; lastKnownFileType = sourcecode.c.h; path = ISHIDHandler.h; sourceTree = "<group>"; };
		1A56365C6A5364BD9B8EFE63 /* ISKeyboardLayoutHeIL.m */ = {isa = PBXFileReference; fileEncoding = 4; lastKnownFileType = sourcecode.c.objc; path = ISKeyboardLayoutHeIL.m; sourceTree = "<group>"; };
		1A56366531995DBF252DE54F /* ISKeyboardLayoutDeCH.h */ = {isa = PBXFileReference; fileEncoding = 4; lastKnownFileType = sourcecode.c.h; path = ISKeyboardLayoutDeCH.h; sourceTree = "<group>"; };
		1A563670E6AE10782F0CAC7B /* ISConsumerHandler.h */ = {isa = PBXFileReference; fileEncoding = 4; lastKnownFileType = sourcecode.c.h; path = ISConsumerHandler.h; sourceTree = "<group>"; };
		1A5636CE7BA9DE7680FA013A /* TxPacket+Report.m */ = {isa = PBXFileReference; fileEncoding = 4; lastKnownFileType = sourcecode.c.objc; path = "TxPacket+Report.m"; sourceTree = "<group>"; };
		1A563734BDD83E1B84040CBE /* ISKeyboardLayoutFrFR.h */ = {isa = PBXFileReference; fileEncoding = 4; lastKnownFileType = sourcecode.c.h; path = ISKeyboardLayoutFrFR.h; sourceTree = "<group>"; };
		1A563754930018E392DC5009 /* ISKeyboardLayoutFiFI.m */ = {isa = PBXFileReference; fileEncoding = 4; lastKnownFileType = sourcecode.c.objc; path = ISKeyboardLayoutFiFI.m; sourceTree = "<group>"; };
		1A56375E1C2A44ACEF22BB73 /* ISConnectionManager.h */ = {isa = PBXFileReference; fileEncoding = 4; lastKnownFileType = sourcecode.c.h; path = ISConnectionManager.h; sourceTree = "<group>"; };
		1A563763114C7B4F507D8FC0 /* ISDeviceSelectionTableViewCell.h */ = {isa = PBXFileReference; fileEncoding = 4; lastKnownFileType = sourcecode.c.h; path = ISDeviceSelectionTableViewCell.h; sourceTree = "<group>"; };
		1A563778FA1B41ACE00372C4 /* ISKeyboardLayoutPlPL.h */ = {isa = PBXFileReference; fileEncoding = 4; lastKnownFileType = sourcecode.c.h; path = ISKeyboardLayoutPlPL.h; sourceTree = "<group>"; };
		1A563783442C6A7B9C715C96 /* ISConnectionPacketFactory.h */ = {isa = PBXFileReference; fileEncoding = 4; lastKnownFileType = sourcecode.c.h; path = ISConnectionPacketFactory.h; sourceTree = "<group>"; };
		1A5637DE26CE9FFE907497CB /* ISDemoMouseViewController.h */ = {isa = PBXFileReference; fileEncoding = 4; lastKnownFileType = sourcecode.c.h; path = ISDemoMouseViewController.h; sourceTree = "<group>"; };
		1A5637F02E9BB34AD6237BF6 /* ISKeyboardLayoutEnGB.h */ = {isa = PBXFileReference; fileEncoding = 4; lastKnownFileType = sourcecode.c.h; path = ISKeyboardLayoutEnGB.h; sourceTree = "<group>"; };
		1A56383D3DC541E90F26948C /* InputStickDemo.app */ = {isa = PBXFileReference; explicitFileType = wrapper.application; includeInIndex = 0; path = InputStickDemo.app; sourceTree = BUILT_PRODUCTS_DIR; };
		1A5638802C6321577A417A4C /* AppDelegate.m */ = {isa = PBXFileReference; lastKnownFileType = sourcecode.c.objc; path = AppDelegate.m; sourceTree = "<group>"; };
		1A56388779ED452C9F2733EA /* MBProgressHUD.h */ = {isa = PBXFileReference; fileEncoding = 4; lastKnownFileType = sourcecode.c.h; path = MBProgressHUD.h; sourceTree = "<group>"; };
		1A5638DDF405DF35DC77B860 /* ISGamepadHandler.h */ = {isa = PBXFileReference; fileEncoding = 4; lastKnownFileType = sourcecode.c.h; path = ISGamepadHandler.h; sourceTree = "<group>"; };
		1A56391697C18EE5F058545C /* ISConsumerHandler.m */ = {isa = PBXFileReference; fileEncoding = 4; lastKnownFileType = sourcecode.c.objc; path = ISConsumerHandler.m; sourceTree = "<group>"; };
		1A56392E2274498A5B3C95EA /* ISKeyboardLayoutItIT.m */ = {isa = PBXFileReference; fileEncoding = 4; lastKnownFileType = sourcecode.c.objc; path = ISKeyboardLayoutItIT.m; sourceTree = "<group>"; };
		1A56394C5110BDB6E6262005 /* ISKeyboardLayoutPtBR.m */ = {isa = PBXFileReference; fileEncoding = 4; lastKnownFileType = sourcecode.c.objc; path = ISKeyboardLayoutPtBR.m; sourceTree = "<group>"; };
		1A56394DB5FEB49CA8866CC5 /* ISDemoKeyboardViewController.m */ = {isa = PBXFileReference; fileEncoding = 4; lastKnownFileType = sourcecode.c.objc; path = ISDemoKeyboardViewController.m; sourceTree = "<group>"; };
		1A5639768825EE164CB32C54 /* ISDeviceSelectionViewController.h */ = {isa = PBXFileReference; fileEncoding = 4; lastKnownFileType = sourcecode.c.h; path = ISDeviceSelectionViewController.h; sourceTree = "<group>"; };
		1A56397956918337284FD381 /* ISKeyboardLayoutDeCH.m */ = {isa = PBXFileReference; fileEncoding = 4; lastKnownFileType = sourcecode.c.objc; path = ISKeyboardLayoutDeCH.m; sourceTree = "<group>"; };
		1A5639C86522229C9CBAD597 /* ISKeyboardLayoutDeDE.h */ = {isa = PBXFileReference; fileEncoding = 4; lastKnownFileType = sourcecode.c.h; path = ISKeyboardLayoutDeDE.h; sourceTree = "<group>"; };
		1A5639DD276F9B4829FCB9F9 /* ISManager.h */ = {isa = PBXFileReference; fileEncoding = 4; lastKnownFileType = sourcecode.c.h; path = ISManager.h; sourceTree = "<group>"; };
		1A5639DE9F9D0796B7136ACE /* ISManager.m */ = {isa = PBXFileReference; fileEncoding = 4; lastKnownFileType = sourcecode.c.objc; path = ISManager.m; sourceTree = "<group>"; };
		1A5639F82CF5E93FA64D370F /* ISKeyboardLayoutFrCH.m */ = {isa = PBXFileReference; fileEncoding = 4; lastKnownFileType = sourcecode.c.objc; path = ISKeyboardLayoutFrCH.m; sourceTree = "<group>"; };
		1A563A17B60D30C4DEA6332C /* NSData+CRC.h */ = {isa = PBXFileReference; fileEncoding = 4; lastKnownFileType = sourcecode.c.h; path = "NSData+CRC.h"; sourceTree = "<group>"; };
		1A563A627D2737C6B6EDCD6C /* ISReport.h */ = {isa = PBXFileReference; fileEncoding = 4; lastKnownFileType = sourcecode.c.h; path = ISReport.h; sourceTree = "<group>"; };
		1A563A64D0DACD0A80ED9C23 /* ISKeyboardLedsState.m */ = {isa = PBXFileReference; fileEncoding = 4; lastKnownFileType = sourcecode.c.objc; path = ISKeyboardLedsState.m; sourceTree = "<group>"; };
		1A563AC0CBDA5D2B11CEB8D3 /* NSData+CRC.m */ = {isa = PBXFileReference; fileEncoding = 4; lastKnownFileType = sourcecode.c.objc; path = "NSData+CRC.m"; sourceTree = "<group>"; };
		1A563ACBCD5382F670AC57EA /* ISKeyboardLayoutEnUS.h */ = {isa = PBXFileReference; fileEncoding = 4; lastKnownFileType = sourcecode.c.h; path = ISKeyboardLayoutEnUS.h; sourceTree = "<group>"; };
		1A563AD17AD1050F6D1F3435 /* ISKeyboardLayoutProtocol.h */ = {isa = PBXFileReference; fileEncoding = 4; lastKnownFileType = sourcecode.c.h; path = ISKeyboardLayoutProtocol.h; sourceTree = "<group>"; };
		1A563AF1EA1B27CF4C284F6D /* ISKeyboardLayoutDeDEMac.m */ = {isa = PBXFileReference; fileEncoding = 4; lastKnownFileType = sourcecode.c.objc; path = ISKeyboardLayoutDeDEMac.m; sourceTree = "<group>"; };
		1A563AFE1FF5CA51B6EA0B7B /* ISKeyboardLedsState.h */ = {isa = PBXFileReference; fileEncoding = 4; lastKnownFileType = sourcecode.c.h; path = ISKeyboardLedsState.h; sourceTree = "<group>"; };
		1A563B037582F1884772E95C /* ISKeyboardLayoutDaDK.m */ = {isa = PBXFileReference; fileEncoding = 4; lastKnownFileType = sourcecode.c.objc; path = ISKeyboardLayoutDaDK.m; sourceTree = "<group>"; };
		1A563B4C57A8FEE58DA41864 /* ISKeyboardLayoutNbNO.m */ = {isa = PBXFileReference; fileEncoding = 4; lastKnownFileType = sourcecode.c.objc; path = ISKeyboardLayoutNbNO.m; sourceTree = "<group>"; };
		1A563B6C1C285A8B1E3C2E73 /* ISDeviceStatusProvider.m */ = {isa = PBXFileReference; fileEncoding = 4; lastKnownFileType = sourcecode.c.objc; path = ISDeviceStatusProvider.m; sourceTree = "<group>"; };
		1A563B81F8E74561DD69EBAC /* TxPacket.h */ = {isa = PBXFileReference; fileEncoding = 4; lastKnownFileType = sourcecode.c.h; path = TxPacket.h; sourceTree = "<group>"; };
		1A563BAEE8A9058FE54DF75D /* TxPacket.m */ = {isa = PBXFileReference; fileEncoding = 4; lastKnownFileType = sourcecode.c.objc; path = TxPacket.m; sourceTree = "<group>"; };
		1A563BBA5E602BDFA1457867 /* ISKeyboardLayoutFrCH.h */ = {isa = PBXFileReference; fileEncoding = 4; lastKnownFileType = sourcecode.c.h; path = ISKeyboardLayoutFrCH.h; sourceTree = "<group>"; };
		1A563BCFD85543F851711DCB /* ISDemoSelectKeyboardViewController.m */ = {isa = PBXFileReference; fileEncoding = 4; lastKnownFileType = sourcecode.c.objc; path = ISDemoSelectKeyboardViewController.m; sourceTree = "<group>"; };
		1A563BE9BD8EEFC49E1C84D7 /* NSNotificationCenter+DeviceStatus.h */ = {isa = PBXFileReference; fileEncoding = 4; lastKnownFileType = sourcecode.c.h; path = "NSNotificationCenter+DeviceStatus.h"; sourceTree = "<group>"; };
		1A563C16E5E7A0787536C4DA /* CoreBluetooth.framework */ = {isa = PBXFileReference; lastKnownFileType = wrapper.framework; name = CoreBluetooth.framework; path = System/Library/Frameworks/CoreBluetooth.framework; sourceTree = SDKROOT; };
		1A563C20EF3586C418B81005 /* TxPacket+KeyboardKeyModel.m */ = {isa = PBXFileReference; fileEncoding = 4; lastKnownFileType = sourcecode.c.objc; path = "TxPacket+KeyboardKeyModel.m"; sourceTree = "<group>"; };
		1A563C2459236D10F02F4E8C /* ISBluetoothBuffer.h */ = {isa = PBXFileReference; fileEncoding = 4; lastKnownFileType = sourcecode.c.h; path = ISBluetoothBuffer.h; sourceTree = "<group>"; };
		1A563C3BFAF5D4DB2F8B6C99 /* ISKeyboardLayoutHeIL.h */ = {isa = PBXFileReference; fileEncoding = 4; lastKnownFileType = sourcecode.c.h; path = ISKeyboardLayoutHeIL.h; sourceTree = "<group>"; };
		1A563C3CCA66683CBB2B4657 /* Info.plist */ = {isa = PBXFileReference; lastKnownFileType = text.plist.info; path = Info.plist; sourceTree = "<group>"; };
		1A563C83015A445A73C3A5F4 /* ISDemoConsumerViewController.h */ = {isa = PBXFileReference; fileEncoding = 4; lastKnownFileType = sourcecode.c.h; path = ISDemoConsumerViewController.h; sourceTree = "<group>"; };
		1A563CA158B822E14A48AFB3 /* MBProgressHUD.m */ = {isa = PBXFileReference; fileEncoding = 4; lastKnownFileType = sourcecode.c.objc; path = MBProgressHUD.m; sourceTree = "<group>"; };
		1A563CE4BC4A06C7DD04C5EE /* UIColor+ISDemo.h */ = {isa = PBXFileReference; fileEncoding = 4; lastKnownFileType = sourcecode.c.h; path = "UIColor+ISDemo.h"; sourceTree = "<group>"; };
		1A563D0A7FB7EA1F64DD8ECF /* ISKeyboardLayoutItIT.h */ = {isa = PBXFileReference; fileEncoding = 4; lastKnownFileType = sourcecode.c.h; path = ISKeyboardLayoutItIT.h; sourceTree = "<group>"; };
		1A563D4BF95747E20EE1B1BE /* ISKeyboardLayoutSkSK.h */ = {isa = PBXFileReference; fileEncoding = 4; lastKnownFileType = sourcecode.c.h; path = ISKeyboardLayoutSkSK.h; sourceTree = "<group>"; };
		1A563D5D6D6FF585D0A08145 /* ISDemoGamepadViewController.h */ = {isa = PBXFileReference; fileEncoding = 4; lastKnownFileType = sourcecode.c.h; path = ISDemoGamepadViewController.h; sourceTree = "<group>"; };
		1A563D6DBAAB431D47519DD9 /* ISKeyboardLayoutEsES.h */ = {isa = PBXFileReference; fileEncoding = 4; lastKnownFileType = sourcecode.c.h; path = ISKeyboardLayoutEsES.h; sourceTree = "<group>"; };
		1A563D7E1E26EC19BB1D209A /* ISDemoMouseInputView.m */ = {isa = PBXFileReference; fileEncoding = 4; lastKnownFileType = sourcecode.c.objc; path = ISDemoMouseInputView.m; sourceTree = "<group>"; };
		1A563D8A1CD488BB02B6D452 /* ISKeyboardLayoutEsES.m */ = {isa = PBXFileReference; fileEncoding = 4; lastKnownFileType = sourcecode.c.objc; path = ISKeyboardLayoutEsES.m; sourceTree = "<group>"; };
		1A563DA13E86C357CFF3CE4D /* ISDeviceBuffersState.m */ = {isa = PBXFileReference; fileEncoding = 4; lastKnownFileType = sourcecode.c.objc; path = ISDeviceBuffersState.m; sourceTree = "<group>"; };
		1A563E44DC500404FAE92FC5 /* NSNotificationCenter+Helpers.h */ = {isa = PBXFileReference; fileEncoding = 4; lastKnownFileType = sourcecode.c.h; path = "NSNotificationCenter+Helpers.h"; sourceTree = "<group>"; };
		1A563EA097511028BA2D5F5A /* ISDemoMouseViewController.m */ = {isa = PBXFileReference; fileEncoding = 4; lastKnownFileType = sourcecode.c.objc; path = ISDemoMouseViewController.m; sourceTree = "<group>"; };
		1A563EA855B3C12F700FF3BF /* AppDelegate.h */ = {isa = PBXFileReference; lastKnownFileType = sourcecode.c.h; path = AppDelegate.h; sourceTree = "<group>"; };
		1A563EA8C509A0749BEA4461 /* TxPacket+Report.h */ = {isa = PBXFileReference; fileEncoding = 4; lastKnownFileType = sourcecode.c.h; path = "TxPacket+Report.h"; sourceTree = "<group>"; };
		1A563EB58124EE8A3CB37E16 /* ISManagerDelegate.h */ = {isa = PBXFileReference; fileEncoding = 4; lastKnownFileType = sourcecode.c.h; path = ISManagerDelegate.h; sourceTree = "<group>"; };
		1A563EE359606208EC39EE82 /* ISReport.m */ = {isa = PBXFileReference; fileEncoding = 4; lastKnownFileType = sourcecode.c.objc; path = ISReport.m; sourceTree = "<group>"; };
		1A563F5EA5F5A49049E61376 /* ISDeviceSelectionViewControllerProtocol.h */ = {isa = PBXFileReference; fileEncoding = 4; lastKnownFileType = sourcecode.c.h; path = ISDeviceSelectionViewControllerProtocol.h; sourceTree = "<group>"; };
		1A563F771D0E256A877CA333 /* ISKeyboardLayoutDaDK.h */ = {isa = PBXFileReference; fileEncoding = 4; lastKnownFileType = sourcecode.c.h; path = ISKeyboardLayoutDaDK.h; sourceTree = "<group>"; };
		1A563F9C223F2F7D71D08852 /* TxPacket+KeyboardKeyModel.h */ = {isa = PBXFileReference; fileEncoding = 4; lastKnownFileType = sourcecode.c.h; path = "TxPacket+KeyboardKeyModel.h"; sourceTree = "<group>"; };
		1A563FA603EC5AFA1639DB3A /* ISConnectionManager.m */ = {isa = PBXFileReference; fileEncoding = 4; lastKnownFileType = sourcecode.c.objc; path = ISConnectionManager.m; sourceTree = "<group>"; };
		1A563FAFF566621BC4D69DEE /* ISKeyboardLayoutEnDV.m */ = {isa = PBXFileReference; fileEncoding = 4; lastKnownFileType = sourcecode.c.objc; path = ISKeyboardLayoutEnDV.m; sourceTree = "<group>"; };
		1A563FBFA2B6F247CA0817B0 /* ISDemoConsumerViewController.m */ = {isa = PBXFileReference; fileEncoding = 4; lastKnownFileType = sourcecode.c.objc; path = ISDemoConsumerViewController.m; sourceTree = "<group>"; };
		1A563FD181B4601FE4806D4D /* ISKeyboardLayoutEnDV.h */ = {isa = PBXFileReference; fileEncoding = 4; lastKnownFileType = sourcecode.c.h; path = ISKeyboardLayoutEnDV.h; sourceTree = "<group>"; };
		1A563FFC8C78DCE08A7C983E /* MainViewController.h */ = {isa = PBXFileReference; fileEncoding = 4; lastKnownFileType = sourcecode.c.h; path = MainViewController.h; sourceTree = "<group>"; };
		1A563FFEE3923EA1E475D2D5 /* Base */ = {isa = PBXFileReference; lastKnownFileType = file.xib; name = Base; path = Base.lproj/LaunchScreen.xib; sourceTree = "<group>"; };
		5EB5EDE8EA6AC5F712CDF29C /* libPods-specs.a */ = {isa = PBXFileReference; explicitFileType = archive.ar; includeInIndex = 0; path = "libPods-specs.a"; sourceTree = BUILT_PRODUCTS_DIR; };
		AF04FA73DBB9771823B5DD13 /* libPods.a */ = {isa = PBXFileReference; explicitFileType = archive.ar; includeInIndex = 0; path = libPods.a; sourceTree = BUILT_PRODUCTS_DIR; };
/* End PBXFileReference section */

/* Begin PBXFrameworksBuildPhase section */
		1A5637DD7906520175CFF9DC /* Frameworks */ = {
			isa = PBXFrameworksBuildPhase;
			buildActionMask = 2147483647;
			files = (
				1A56387018314D433A3D66C6 /* CoreBluetooth.framework in Frameworks */,
			);
			runOnlyForDeploymentPostprocessing = 0;
		};
/* End PBXFrameworksBuildPhase section */

/* Begin PBXGroup section */
		1A563064ADBC4A4B3C470EEF /* SkSK */ = {
			isa = PBXGroup;
			children = (
				1A563D4BF95747E20EE1B1BE /* ISKeyboardLayoutSkSK.h */,
				1A56309442A6BC6AE2BA6881 /* ISKeyboardLayoutSkSK.m */,
			);
			path = SkSK;
			sourceTree = "<group>";
		};
		1A56310D046131E12CA60E61 /* InputStickAPI */ = {
			isa = PBXGroup;
			children = (
				1A5634937B9B74E8B18A7B6E /* CustomLibraries */,
				1A56372E8ADC7CAA1730A442 /* Core */,
				1A5635CF37FA78E0FD26F8FA /* Categories */,
			);
			path = InputStickAPI;
			sourceTree = "<group>";
		};
		1A5631602AA93877738F119F /* Categories */ = {
			isa = PBXGroup;
			children = (
				1A5630D6859DF8AA478AF000 /* NSNotificationCenter+Helpers.m */,
				1A563E44DC500404FAE92FC5 /* NSNotificationCenter+Helpers.h */,
			);
			path = Categories;
			sourceTree = "<group>";
		};
		1A5631C5D089E876F6AD9CEE /* Keyboard Handler */ = {
			isa = PBXGroup;
			children = (
				1A5635CEAE01A45398203237 /* ISKeyboardHandler.m */,
				1A56332E490F1BBD02557025 /* ISKeyboardHandler.h */,
			);
			path = "Keyboard Handler";
			sourceTree = "<group>";
		};
		1A5631E467C31C89BF59BC0F /* FrFR */ = {
			isa = PBXGroup;
			children = (
				1A563734BDD83E1B84040CBE /* ISKeyboardLayoutFrFR.h */,
				1A5632AEFC7F810A50838A3E /* ISKeyboardLayoutFrFR.m */,
			);
			path = FrFR;
			sourceTree = "<group>";
		};
		1A5631F2B20F3F57BAA34F1A /* EnDV */ = {
			isa = PBXGroup;
			children = (
				1A563FD181B4601FE4806D4D /* ISKeyboardLayoutEnDV.h */,
				1A563FAFF566621BC4D69DEE /* ISKeyboardLayoutEnDV.m */,
			);
			path = EnDV;
			sourceTree = "<group>";
		};
		1A56323AE5F915C6E2D10F3B /* Connection Managers */ = {
			isa = PBXGroup;
			children = (
				1A56375E1C2A44ACEF22BB73 /* ISConnectionManager.h */,
				1A563FA603EC5AFA1639DB3A /* ISConnectionManager.m */,
				1A563D5619ABFD7B96A31672 /* Device Selection View Controller */,
			);
			path = "Connection Managers";
			sourceTree = "<group>";
		};
		1A563251E4A154750FD244B1 /* FrCH */ = {
			isa = PBXGroup;
			children = (
				1A563BBA5E602BDFA1457867 /* ISKeyboardLayoutFrCH.h */,
				1A5639F82CF5E93FA64D370F /* ISKeyboardLayoutFrCH.m */,
			);
			path = FrCH;
			sourceTree = "<group>";
		};
		1A5632CE21972C633A934B75 /* FiFI */ = {
			isa = PBXGroup;
			children = (
				1A56303DB26C71E6C881D62F /* ISKeyboardLayoutFiFI.h */,
				1A563754930018E392DC5009 /* ISKeyboardLayoutFiFI.m */,
			);
			path = FiFI;
			sourceTree = "<group>";
		};
		1A5632DCA9C18743F34855C2 /* PtBR */ = {
			isa = PBXGroup;
			children = (
				1A563090F5CED983B422D5DB /* ISKeyboardLayoutPtBR.h */,
				1A56394C5110BDB6E6262005 /* ISKeyboardLayoutPtBR.m */,
			);
			path = PtBR;
			sourceTree = "<group>";
		};
		1A5632E51E2B3DF86E3AFD14 /* Data Models */ = {
			isa = PBXGroup;
			children = (
				1A563F9C223F2F7D71D08852 /* TxPacket+KeyboardKeyModel.h */,
				1A563BAEE8A9058FE54DF75D /* TxPacket.m */,
				1A563B81F8E74561DD69EBAC /* TxPacket.h */,
				1A563C20EF3586C418B81005 /* TxPacket+KeyboardKeyModel.m */,
				1A563DA13E86C357CFF3CE4D /* ISDeviceBuffersState.m */,
				1A56329D1237EBB2393C4291 /* ISDeviceBuffersState.h */,
				1A5632BC42BAC5BB3899957C /* ISKeyboardKeyModel.h */,
				1A5632BEA22372BEEDBC3A56 /* ISKeyboardKeyModel.m */,
				1A563A64D0DACD0A80ED9C23 /* ISKeyboardLedsState.m */,
				1A563AFE1FF5CA51B6EA0B7B /* ISKeyboardLedsState.h */,
				1A563A627D2737C6B6EDCD6C /* ISReport.h */,
				1A563EE359606208EC39EE82 /* ISReport.m */,
				1A5636CE7BA9DE7680FA013A /* TxPacket+Report.m */,
				1A563EA8C509A0749BEA4461 /* TxPacket+Report.h */,
			);
			path = "Data Models";
			sourceTree = "<group>";
		};
		1A5632EDC448FF86E14A1D7A /* SvSE */ = {
			isa = PBXGroup;
			children = (
				1A56318AF6DF35E7AD1BDCB5 /* ISKeyboardLayoutSvSE.h */,
				1A5630F4792C46497F82A687 /* ISKeyboardLayoutSvSE.m */,
			);
			path = SvSE;
			sourceTree = "<group>";
		};
		1A5633E94768494B77ED2D1A /* Notifications */ = {
			isa = PBXGroup;
			children = (
				1A5632B8F3EE832193C0BE2C /* NSNotificationCenter+Connection.m */,
				1A5632EF6578985A519A85E7 /* NSNotificationCenter+Connection.h */,
				1A563334626A46822091DA7E /* NSNotificationCenter+DeviceStatus.m */,
				1A563BE9BD8EEFC49E1C84D7 /* NSNotificationCenter+DeviceStatus.h */,
			);
			path = Notifications;
			sourceTree = "<group>";
		};
		1A56347686DFC70488C40165 /* Keyboard Layouts */ = {
			isa = PBXGroup;
			children = (
				1A563AD17AD1050F6D1F3435 /* ISKeyboardLayoutProtocol.h */,
				1A5638E5F0FF04E8D901D4B9 /* PlPL */,
				1A563907458CE8A0803AB163 /* EnUS */,
				1A5631EED0C384A99D08BDF8 /* ISKeyCodesTable.h */,
				1A563653E7F106BB45B9DB7E /* DeCH */,
				1A563E48913F3B548C2BC1BC /* DaDK */,
				1A5639E08BB073F5E6592A27 /* ItIT */,
				1A56377B8C0910D5C6593197 /* HeIL */,
				1A563B0320AE57521DF2C871 /* DeDEMac */,
				1A5638F88078B2DEE0EDE615 /* EnGB */,
				1A563251E4A154750FD244B1 /* FrCH */,
				1A563B12A975926EE3E39C52 /* EsES */,
				1A563BA1F5BDB48A4FA62436 /* NbNO */,
				1A5632CE21972C633A934B75 /* FiFI */,
				1A563064ADBC4A4B3C470EEF /* SkSK */,
				1A563F67AC8554FA27020F05 /* RuRU */,
				1A5631E467C31C89BF59BC0F /* FrFR */,
				1A563FCC8C17877625B2F33D /* DeDE */,
				1A5632EDC448FF86E14A1D7A /* SvSE */,
				1A5632DCA9C18743F34855C2 /* PtBR */,
				1A5631F2B20F3F57BAA34F1A /* EnDV */,
			);
			path = "Keyboard Layouts";
			sourceTree = "<group>";
		};
		1A5634937B9B74E8B18A7B6E /* CustomLibraries */ = {
			isa = PBXGroup;
			children = (
				1A5639F2799F3748228FD885 /* MBProgressHUD */,
			);
			path = CustomLibraries;
			sourceTree = "<group>";
		};
		1A5635A6446E4DFCBD94CFC1 /* Consumer Handler */ = {
			isa = PBXGroup;
			children = (
				1A56391697C18EE5F058545C /* ISConsumerHandler.m */,
				1A563670E6AE10782F0CAC7B /* ISConsumerHandler.h */,
			);
			path = "Consumer Handler";
			sourceTree = "<group>";
		};
		1A5635BF0A46842283C8E1BC /* Consumer View Controller */ = {
			isa = PBXGroup;
			children = (
				1A563FBFA2B6F247CA0817B0 /* ISDemoConsumerViewController.m */,
				1A563C83015A445A73C3A5F4 /* ISDemoConsumerViewController.h */,
				1A563418470C576DEB188F22 /* ISDemoConsumerCellDefinition.m */,
				1A563476EF75582B4EC0E9BE /* ISDemoConsumerCellDefinition.h */,
			);
			path = "Consumer View Controller";
			sourceTree = "<group>";
		};
		1A5635CF37FA78E0FD26F8FA /* Categories */ = {
			isa = PBXGroup;
			children = (
				1A563AC0CBDA5D2B11CEB8D3 /* NSData+CRC.m */,
				1A563A17B60D30C4DEA6332C /* NSData+CRC.h */,
			);
			path = Categories;
			sourceTree = "<group>";
		};
		1A563653E7F106BB45B9DB7E /* DeCH */ = {
			isa = PBXGroup;
			children = (
				1A56366531995DBF252DE54F /* ISKeyboardLayoutDeCH.h */,
				1A56397956918337284FD381 /* ISKeyboardLayoutDeCH.m */,
			);
			path = DeCH;
			sourceTree = "<group>";
		};
		1A5636F45603663C822216FE /* Mouse View Controller */ = {
			isa = PBXGroup;
			children = (
				1A563EA097511028BA2D5F5A /* ISDemoMouseViewController.m */,
				1A5637DE26CE9FFE907497CB /* ISDemoMouseViewController.h */,
				1A563D7E1E26EC19BB1D209A /* ISDemoMouseInputView.m */,
				1A5634978869B73EBA63FB3B /* ISDemoMouseInputView.h */,
			);
			path = "Mouse View Controller";
			sourceTree = "<group>";
		};
		1A56372E8ADC7CAA1730A442 /* Core */ = {
			isa = PBXGroup;
			children = (
				1A5639DE9F9D0796B7136ACE /* ISManager.m */,
				1A5639DD276F9B4829FCB9F9 /* ISManager.h */,
				1A563EB58124EE8A3CB37E16 /* ISManagerDelegate.h */,
				1A5633E94768494B77ED2D1A /* Notifications */,
				1A5631602AA93877738F119F /* Categories */,
				1A563F522D1E0932BB60FFB5 /* Device Status Provider */,
				1A56323AE5F915C6E2D10F3B /* Connection Managers */,
				1A5638411648D12AECFDDB24 /* Bluetooth Buffer */,
				1A5632E51E2B3DF86E3AFD14 /* Data Models */,
				1A56347686DFC70488C40165 /* Keyboard Layouts */,
				1A56375463AF9577BEF925F4 /* Packet Factories */,
				1A563FD37B16044B7D7F4042 /* HID Handlers */,
			);
			path = Core;
			sourceTree = "<group>";
		};
		1A56375463AF9577BEF925F4 /* Packet Factories */ = {
			isa = PBXGroup;
			children = (
				1A5634D6442DFCEC76EC4DE4 /* ISPacketFactory.h */,
				1A5634128BE80F37235F2444 /* ISConnectionPacketFactory.m */,
				1A563783442C6A7B9C715C96 /* ISConnectionPacketFactory.h */,
			);
			path = "Packet Factories";
			sourceTree = "<group>";
		};
		1A56377B8C0910D5C6593197 /* HeIL */ = {
			isa = PBXGroup;
			children = (
				1A563C3BFAF5D4DB2F8B6C99 /* ISKeyboardLayoutHeIL.h */,
				1A56365C6A5364BD9B8EFE63 /* ISKeyboardLayoutHeIL.m */,
			);
			path = HeIL;
			sourceTree = "<group>";
		};
		1A5638411648D12AECFDDB24 /* Bluetooth Buffer */ = {
			isa = PBXGroup;
			children = (
				1A56335C997B7F56F780E3D0 /* ISBluetoothBuffer.m */,
				1A563C2459236D10F02F4E8C /* ISBluetoothBuffer.h */,
			);
			path = "Bluetooth Buffer";
			sourceTree = "<group>";
		};
		1A5638E5F0FF04E8D901D4B9 /* PlPL */ = {
			isa = PBXGroup;
			children = (
				1A563778FA1B41ACE00372C4 /* ISKeyboardLayoutPlPL.h */,
				1A56315FA1324101CAC1CBA0 /* ISKeyboardLayoutPlPL.m */,
			);
			path = PlPL;
			sourceTree = "<group>";
		};
		1A5638F659C1185C4CAB3E6F /* Mouse Handler */ = {
			isa = PBXGroup;
			children = (
				1A5634E76F7E2DBA3DDE02C4 /* ISMouseHandler.m */,
				1A5632403AA5756E3384AD93 /* ISMouseHandler.h */,
			);
			path = "Mouse Handler";
			sourceTree = "<group>";
		};
		1A5638F88078B2DEE0EDE615 /* EnGB */ = {
			isa = PBXGroup;
			children = (
				1A5637F02E9BB34AD6237BF6 /* ISKeyboardLayoutEnGB.h */,
				1A5631D84B5484B48F442236 /* ISKeyboardLayoutEnGB.m */,
			);
			path = EnGB;
			sourceTree = "<group>";
		};
		1A563907458CE8A0803AB163 /* EnUS */ = {
			isa = PBXGroup;
			children = (
				1A56352A412842CCB541B1E2 /* ISKeyboardLayoutEnUS.m */,
				1A563ACBCD5382F670AC57EA /* ISKeyboardLayoutEnUS.h */,
			);
			path = EnUS;
			sourceTree = "<group>";
		};
		1A56390B033F8DD9D64691AE /* Select Keyboard View Controller */ = {
			isa = PBXGroup;
			children = (
				1A563BCFD85543F851711DCB /* ISDemoSelectKeyboardViewController.m */,
				1A56355E04DE701553510101 /* ISDemoSelectKeyboardViewController.h */,
			);
			path = "Select Keyboard View Controller";
			sourceTree = "<group>";
		};
		1A563956E100BEA0C3BC2E4F /* Products */ = {
			isa = PBXGroup;
			children = (
				1A56383D3DC541E90F26948C /* InputStickDemo.app */,
			);
			name = Products;
			sourceTree = "<group>";
		};
		1A5639E08BB073F5E6592A27 /* ItIT */ = {
			isa = PBXGroup;
			children = (
				1A563D0A7FB7EA1F64DD8ECF /* ISKeyboardLayoutItIT.h */,
				1A56392E2274498A5B3C95EA /* ISKeyboardLayoutItIT.m */,
			);
			path = ItIT;
			sourceTree = "<group>";
		};
		1A5639E1FC453B7B845D1AEB /* InputStickDemo */ = {
			isa = PBXGroup;
			children = (
				1A563C4A95DEC8D5067E2F70 /* Supporting Files */,
				1A56348287AEAF55C1A9F41A /* Images.xcassets */,
				1A5638F0345ACADC928D3C3D /* LaunchScreen.xib */,
				1A563EA855B3C12F700FF3BF /* AppDelegate.h */,
				1A5638802C6321577A417A4C /* AppDelegate.m */,
				1A5634A5C42DF177E40FC708 /* MainViewController.m */,
				1A563FFC8C78DCE08A7C983E /* MainViewController.h */,
				1A563A2C67D958194BF5D042 /* Keyboard View Controller */,
				1A5636F45603663C822216FE /* Mouse View Controller */,
				1A5635BF0A46842283C8E1BC /* Consumer View Controller */,
				1A563F3BB31E5F481870DE34 /* Categories */,
				1A563CC9FE0E3598B458DE03 /* Gamepad View Controller */,
			);
			path = InputStickDemo;
			sourceTree = "<group>";
		};
		1A5639F2799F3748228FD885 /* MBProgressHUD */ = {
			isa = PBXGroup;
			children = (
				1A56345FEB229315E9647BF0 /* LICENSE */,
				1A56388779ED452C9F2733EA /* MBProgressHUD.h */,
				1A563CA158B822E14A48AFB3 /* MBProgressHUD.m */,
			);
			path = MBProgressHUD;
			sourceTree = "<group>";
		};
		1A563A2C67D958194BF5D042 /* Keyboard View Controller */ = {
			isa = PBXGroup;
			children = (
				1A56394DB5FEB49CA8866CC5 /* ISDemoKeyboardViewController.m */,
				1A56355B1E811A9992CB3BDD /* ISDemoKeyboardViewController.h */,
				1A56390B033F8DD9D64691AE /* Select Keyboard View Controller */,
			);
			path = "Keyboard View Controller";
			sourceTree = "<group>";
		};
		1A563B0320AE57521DF2C871 /* DeDEMac */ = {
			isa = PBXGroup;
			children = (
				1A563510BECFD067ABB915AD /* ISKeyboardLayoutDeDEMac.h */,
				1A563AF1EA1B27CF4C284F6D /* ISKeyboardLayoutDeDEMac.m */,
			);
			path = DeDEMac;
			sourceTree = "<group>";
		};
		1A563B12A975926EE3E39C52 /* EsES */ = {
			isa = PBXGroup;
			children = (
				1A563D6DBAAB431D47519DD9 /* ISKeyboardLayoutEsES.h */,
				1A563D8A1CD488BB02B6D452 /* ISKeyboardLayoutEsES.m */,
			);
			path = EsES;
			sourceTree = "<group>";
		};
		1A563BA1F5BDB48A4FA62436 /* NbNO */ = {
			isa = PBXGroup;
			children = (
				1A563540B1F40ECC879A3F45 /* ISKeyboardLayoutNbNO.h */,
				1A563B4C57A8FEE58DA41864 /* ISKeyboardLayoutNbNO.m */,
			);
			path = NbNO;
			sourceTree = "<group>";
		};
		1A563C3D7B4D680A565E4EDA /* Frameworks */ = {
			isa = PBXGroup;
			children = (
				1A563C16E5E7A0787536C4DA /* CoreBluetooth.framework */,
				5EB5EDE8EA6AC5F712CDF29C /* libPods-specs.a */,
				AF04FA73DBB9771823B5DD13 /* libPods.a */,
			);
			name = Frameworks;
			sourceTree = "<group>";
		};
		1A563C4A95DEC8D5067E2F70 /* Supporting Files */ = {
			isa = PBXGroup;
			children = (
				1A563C3CCA66683CBB2B4657 /* Info.plist */,
				1A5635B104886BF95F459B3C /* main.m */,
			);
			name = "Supporting Files";
			sourceTree = "<group>";
		};
		1A563CC9FE0E3598B458DE03 /* Gamepad View Controller */ = {
			isa = PBXGroup;
			children = (
				1A5632B4AC9371BB51A7875B /* ISDemoGamepadViewController.m */,
				1A563D5D6D6FF585D0A08145 /* ISDemoGamepadViewController.h */,
			);
			path = "Gamepad View Controller";
			sourceTree = "<group>";
		};
		1A563D5619ABFD7B96A31672 /* Device Selection View Controller */ = {
			isa = PBXGroup;
			children = (
				1A5639768825EE164CB32C54 /* ISDeviceSelectionViewController.h */,
				1A563023D2230A83DEEADB67 /* ISDeviceSelectionViewController.m */,
				1A563F5EA5F5A49049E61376 /* ISDeviceSelectionViewControllerProtocol.h */,
				1A5633C75A38D31D3D2AE4E1 /* ISDeviceSelectionTableViewCell.m */,
				1A563763114C7B4F507D8FC0 /* ISDeviceSelectionTableViewCell.h */,
			);
			path = "Device Selection View Controller";
			sourceTree = "<group>";
		};
		1A563E48913F3B548C2BC1BC /* DaDK */ = {
			isa = PBXGroup;
			children = (
				1A563F771D0E256A877CA333 /* ISKeyboardLayoutDaDK.h */,
				1A563B037582F1884772E95C /* ISKeyboardLayoutDaDK.m */,
			);
			path = DaDK;
			sourceTree = "<group>";
		};
		1A563EC36401D680B251C365 = {
			isa = PBXGroup;
			children = (
				1A563956E100BEA0C3BC2E4F /* Products */,
				1A5639E1FC453B7B845D1AEB /* InputStickDemo */,
				1A563C3D7B4D680A565E4EDA /* Frameworks */,
				1A56310D046131E12CA60E61 /* InputStickAPI */,
			);
			sourceTree = "<group>";
		};
		1A563F3BB31E5F481870DE34 /* Categories */ = {
			isa = PBXGroup;
			children = (
				1A56342BE8880220D060E009 /* UIColor+ISDemo.m */,
				1A563CE4BC4A06C7DD04C5EE /* UIColor+ISDemo.h */,
			);
			path = Categories;
			sourceTree = "<group>";
		};
		1A563F522D1E0932BB60FFB5 /* Device Status Provider */ = {
			isa = PBXGroup;
			children = (
				1A563461ACF952A08AA09D0B /* ISDeviceStatusProvider.h */,
				1A563B6C1C285A8B1E3C2E73 /* ISDeviceStatusProvider.m */,
			);
			path = "Device Status Provider";
			sourceTree = "<group>";
		};
		1A563F67AC8554FA27020F05 /* RuRU */ = {
			isa = PBXGroup;
			children = (
				1A56309968B4BD29BF6D8B0F /* ISKeyboardLayoutRuRU.h */,
				1A56331DAB757BF5324646BB /* ISKeyboardLayoutRuRU.m */,
			);
			path = RuRU;
			sourceTree = "<group>";
		};
		1A563F81CA30B194ECD1EB83 /* Gamepad Handler */ = {
			isa = PBXGroup;
			children = (
				1A5633842DEFF4F9FB846550 /* ISGamepadHandler.m */,
				1A5638DDF405DF35DC77B860 /* ISGamepadHandler.h */,
			);
			path = "Gamepad Handler";
			sourceTree = "<group>";
		};
		1A563FCC8C17877625B2F33D /* DeDE */ = {
			isa = PBXGroup;
			children = (
				1A5639C86522229C9CBAD597 /* ISKeyboardLayoutDeDE.h */,
				1A56328A9BE00A1A3F72F89A /* ISKeyboardLayoutDeDE.m */,
			);
			path = DeDE;
			sourceTree = "<group>";
		};
		1A563FD37B16044B7D7F4042 /* HID Handlers */ = {
			isa = PBXGroup;
			children = (
				1A5631C5D089E876F6AD9CEE /* Keyboard Handler */,
				1A5638F659C1185C4CAB3E6F /* Mouse Handler */,
				1A5635A6446E4DFCBD94CFC1 /* Consumer Handler */,
				1A5635F39978C43C95758F6F /* ISHIDHandler.h */,
				1A563F81CA30B194ECD1EB83 /* Gamepad Handler */,
			);
			path = "HID Handlers";
			sourceTree = "<group>";
		};
/* End PBXGroup section */

/* Begin PBXNativeTarget section */
		1A56347F97019FD1BB1E4BE0 /* InputStickDemo */ = {
			isa = PBXNativeTarget;
			buildConfigurationList = 1A56369764C2A73331CBB895 /* Build configuration list for PBXNativeTarget "InputStickDemo" */;
			buildPhases = (
				1A563124D64E6EDB6D826971 /* Sources */,
				1A5637DD7906520175CFF9DC /* Frameworks */,
				1A5636FCE76402E2AB59C9B6 /* Resources */,
			);
			buildRules = (
			);
			dependencies = (
			);
			name = InputStickDemo;
			productName = InputStickAPI;
			productReference = 1A56383D3DC541E90F26948C /* InputStickDemo.app */;
			productType = "com.apple.product-type.application";
		};
/* End PBXNativeTarget section */

/* Begin PBXProject section */
		1A5635D6B8137217C7265384 /* Project object */ = {
			isa = PBXProject;
			attributes = {
				ORGANIZATIONNAME = mw;
				TargetAttributes = {
					1A56347F97019FD1BB1E4BE0 = {
						DevelopmentTeam = R5G6EUQ92W;
					};
				};
			};
			buildConfigurationList = 1A563858F34AF3B04B65EA4E /* Build configuration list for PBXProject "InputStickDemo" */;
			compatibilityVersion = "Xcode 3.2";
			developmentRegion = English;
			hasScannedForEncodings = 0;
			knownRegions = (
				en,
			);
			mainGroup = 1A563EC36401D680B251C365;
			productRefGroup = 1A563956E100BEA0C3BC2E4F /* Products */;
			projectDirPath = "";
			projectRoot = "";
			targets = (
				1A56347F97019FD1BB1E4BE0 /* InputStickDemo */,
			);
		};
/* End PBXProject section */

/* Begin PBXResourcesBuildPhase section */
		1A5636FCE76402E2AB59C9B6 /* Resources */ = {
			isa = PBXResourcesBuildPhase;
			buildActionMask = 2147483647;
			files = (
				1A56396EB77E19D1623DB908 /* Images.xcassets in Resources */,
				1A5631CFB16B5A09F35B8D5B /* LaunchScreen.xib in Resources */,
				1A563CC0B9977B66B69F7564 /* LICENSE in Resources */,
			);
			runOnlyForDeploymentPostprocessing = 0;
		};
/* End PBXResourcesBuildPhase section */

/* Begin PBXSourcesBuildPhase section */
		1A563124D64E6EDB6D826971 /* Sources */ = {
			isa = PBXSourcesBuildPhase;
			buildActionMask = 2147483647;
			files = (
				1A563E0B44A5261A6B145EB8 /* main.m in Sources */,
				1A563CCCF609FD3150838D52 /* AppDelegate.m in Sources */,
				1A5630A145DA548674F55D8A /* MainViewController.m in Sources */,
				1A56357959DD61E0D1582E9D /* MBProgressHUD.m in Sources */,
				1A5630F4E4EC966CEC5FE964 /* ISManager.m in Sources */,
				1A5630DA56326971E16C4A7F /* NSNotificationCenter+Connection.m in Sources */,
				1A563573393D697EA96B3DDE /* NSNotificationCenter+DeviceStatus.m in Sources */,
				1A563F3D71999A8EE3738F09 /* NSNotificationCenter+Helpers.m in Sources */,
				1A5631821C49A103090CA23B /* ISDeviceStatusProvider.m in Sources */,
				1A56332A344B73EA5E18898D /* ISConnectionManager.m in Sources */,
				1A563F07E7DD98C90FC0FF49 /* ISDeviceSelectionViewController.m in Sources */,
				1A5635485BB67068981EBE94 /* ISDeviceSelectionTableViewCell.m in Sources */,
				1A5638976E9987A6BF8DA249 /* ISBluetoothBuffer.m in Sources */,
				1A563BB41E1566D37CB4DB77 /* TxPacket.m in Sources */,
				1A563F1C7314AA6D5AA315FE /* TxPacket+KeyboardKeyModel.m in Sources */,
				1A563DE2305F8571855A4343 /* ISDeviceBuffersState.m in Sources */,
				1A563F8D73AF53B9FF4255AC /* ISKeyboardKeyModel.m in Sources */,
				1A563AC369AF3BA24091E537 /* ISKeyboardLedsState.m in Sources */,
				1A563B4B4BB1D9D0175AE3DD /* ISKeyboardLayoutEnUS.m in Sources */,
				1A56367EE14E8BCD8D608301 /* NSData+CRC.m in Sources */,
				1A5637227F8BCAB8CB2E0501 /* ISKeyboardLayoutPlPL.m in Sources */,
				1A563833303AC2059A96FE14 /* ISKeyboardLayoutDeCH.m in Sources */,
				1A5634E5E2CEEF2F150E872C /* ISKeyboardLayoutDaDK.m in Sources */,
				1A563597384AC5528E5EE898 /* ISKeyboardLayoutItIT.m in Sources */,
				1A5630DDE00C5C0BD6CD00B7 /* ISKeyboardLayoutHeIL.m in Sources */,
				1A563E92DB67C1CC41688484 /* ISKeyboardLayoutDeDEMac.m in Sources */,
				1A5632F7712476DB0D787221 /* ISKeyboardLayoutEnGB.m in Sources */,
				1A5637D11D4664F14C46DEB6 /* ISKeyboardLayoutFrCH.m in Sources */,
				1A5638EA3EAF71E725605B73 /* ISKeyboardLayoutEsES.m in Sources */,
				1A56328F2E6462F20467E7F0 /* ISKeyboardLayoutNbNO.m in Sources */,
				1A56384BF625876149B8A43C /* ISKeyboardLayoutFiFI.m in Sources */,
				1A5639305774A12EF3801978 /* ISKeyboardLayoutSkSK.m in Sources */,
				1A5636D4D3F64F8E21865873 /* ISKeyboardLayoutRuRU.m in Sources */,
				1A563DFD4E3B71AF2743E3D1 /* ISKeyboardLayoutFrFR.m in Sources */,
				1A5636A06376901FF58C434E /* ISKeyboardLayoutDeDE.m in Sources */,
				1A563A8C8A3D12E31977B1F8 /* ISKeyboardLayoutSvSE.m in Sources */,
				1A563C333460D53B96F0CE81 /* ISKeyboardLayoutPtBR.m in Sources */,
				1A5637994261EF872C38100D /* ISKeyboardLayoutEnDV.m in Sources */,
				1A5634A330E3FFD83B19F3CC /* ISConnectionPacketFactory.m in Sources */,
				1A56385B6571044EB37939C7 /* ISReport.m in Sources */,
				1A563D601D9E8367EE484CDF /* TxPacket+Report.m in Sources */,
				1A56319F05EE2D0D95026B05 /* ISKeyboardHandler.m in Sources */,
				1A563E2F506C8F2DF0BE65AE /* ISMouseHandler.m in Sources */,
				1A563158D608E5DA6F7A0631 /* ISConsumerHandler.m in Sources */,
				1A563C1ED575A6DC5819859C /* ISDemoKeyboardViewController.m in Sources */,
				1A56389F910005A0D934B674 /* ISDemoMouseViewController.m in Sources */,
				1A5636B88067C780E01BF0B8 /* ISDemoConsumerViewController.m in Sources */,
				1A563E7C394EA3F00D6B6359 /* ISDemoMouseInputView.m in Sources */,
				1A563C43B1C098CEE418A5A8 /* UIColor+ISDemo.m in Sources */,
				1A563AA04D428AB50C53E328 /* ISDemoSelectKeyboardViewController.m in Sources */,
				1A563DE4894C3E428BBFA8D0 /* ISDemoConsumerCellDefinition.m in Sources */,
				1A56363576303460C1C8AE69 /* ISGamepadHandler.m in Sources */,
				1A5633ED7773FBAA9449C7D4 /* ISDemoGamepadViewController.m in Sources */,
			);
			runOnlyForDeploymentPostprocessing = 0;
		};
/* End PBXSourcesBuildPhase section */

/* Begin PBXVariantGroup section */
		1A5638F0345ACADC928D3C3D /* LaunchScreen.xib */ = {
			isa = PBXVariantGroup;
			children = (
				1A563FFEE3923EA1E475D2D5 /* Base */,
			);
			name = LaunchScreen.xib;
			sourceTree = "<group>";
		};
/* End PBXVariantGroup section */

/* Begin XCBuildConfiguration section */
		1A563202FAE790C7507AA1CD /* Debug */ = {
			isa = XCBuildConfiguration;
			buildSettings = {
				ASSETCATALOG_COMPILER_APPICON_NAME = AppIcon;
				CODE_SIGN_IDENTITY = "iPhone Developer";
				"CODE_SIGN_IDENTITY[sdk=iphoneos*]" = "iPhone Developer";
				ENABLE_BITCODE = NO;
				INFOPLIST_FILE = InputStickDemo/Info.plist;
				IPHONEOS_DEPLOYMENT_TARGET = 8.0;
				LD_RUNPATH_SEARCH_PATHS = "$(inherited) @executable_path/Frameworks";
				PRODUCT_NAME = InputStickDemo;
				PROVISIONING_PROFILE = "";
				TARGETED_DEVICE_FAMILY = 1;
			};
			name = Debug;
		};
		1A5638C271BB11BB0B40B804 /* Release */ = {
			isa = XCBuildConfiguration;
			buildSettings = {
				ASSETCATALOG_COMPILER_APPICON_NAME = AppIcon;
				CODE_SIGN_IDENTITY = "iPhone Developer";
				"CODE_SIGN_IDENTITY[sdk=iphoneos*]" = "iPhone Developer";
				ENABLE_BITCODE = NO;
				INFOPLIST_FILE = InputStickDemo/Info.plist;
				IPHONEOS_DEPLOYMENT_TARGET = 8.0;
				LD_RUNPATH_SEARCH_PATHS = "$(inherited) @executable_path/Frameworks";
				PRODUCT_NAME = InputStickDemo;
				PROVISIONING_PROFILE = "";
				TARGETED_DEVICE_FAMILY = 1;
			};
			name = Release;
		};
		1A563A638CBA5A4A75DEFBAF /* Release */ = {
			isa = XCBuildConfiguration;
			buildSettings = {
				ALWAYS_SEARCH_USER_PATHS = NO;
				CLANG_CXX_LANGUAGE_STANDARD = "gnu++0x";
				CLANG_CXX_LIBRARY = "libc++";
				CLANG_ENABLE_MODULES = YES;
				CLANG_ENABLE_OBJC_ARC = YES;
				CLANG_WARN_BOOL_CONVERSION = YES;
				CLANG_WARN_CONSTANT_CONVERSION = YES;
				CLANG_WARN_DIRECT_OBJC_ISA_USAGE = YES_ERROR;
				CLANG_WARN_EMPTY_BODY = YES;
				CLANG_WARN_ENUM_CONVERSION = YES;
				CLANG_WARN_INT_CONVERSION = YES;
				CLANG_WARN_OBJC_ROOT_CLASS = YES_ERROR;
				CLANG_WARN_UNREACHABLE_CODE = YES;
				CLANG_WARN__DUPLICATE_METHOD_MATCH = YES;
				"CODE_SIGN_IDENTITY[sdk=iphoneos*]" = "iPhone Developer";
				COPY_PHASE_STRIP = NO;
				DEBUG_INFORMATION_FORMAT = "dwarf-with-dsym";
				ENABLE_NS_ASSERTIONS = NO;
				ENABLE_STRICT_OBJC_MSGSEND = YES;
				GCC_C_LANGUAGE_STANDARD = gnu99;
				GCC_NO_COMMON_BLOCKS = YES;
				GCC_WARN_64_TO_32_BIT_CONVERSION = YES;
				GCC_WARN_ABOUT_RETURN_TYPE = YES_ERROR;
				GCC_WARN_UNDECLARED_SELECTOR = YES;
				GCC_WARN_UNINITIALIZED_AUTOS = YES_AGGRESSIVE;
				GCC_WARN_UNUSED_FUNCTION = YES;
				GCC_WARN_UNUSED_VARIABLE = YES;
				IPHONEOS_DEPLOYMENT_TARGET = 8.3;
				MTL_ENABLE_DEBUG_INFO = NO;
				SDKROOT = iphoneos;
				TARGETED_DEVICE_FAMILY = "1,2";
				VALIDATE_PRODUCT = YES;
			};
			name = Release;
		};
		1A563BEE358BF0FBAD0D4B25 /* Debug */ = {
			isa = XCBuildConfiguration;
			buildSettings = {
				ALWAYS_SEARCH_USER_PATHS = NO;
				CLANG_CXX_LANGUAGE_STANDARD = "gnu++0x";
				CLANG_CXX_LIBRARY = "libc++";
				CLANG_ENABLE_MODULES = YES;
				CLANG_ENABLE_OBJC_ARC = YES;
				CLANG_WARN_BOOL_CONVERSION = YES;
				CLANG_WARN_CONSTANT_CONVERSION = YES;
				CLANG_WARN_DIRECT_OBJC_ISA_USAGE = YES_ERROR;
				CLANG_WARN_EMPTY_BODY = YES;
				CLANG_WARN_ENUM_CONVERSION = YES;
				CLANG_WARN_INT_CONVERSION = YES;
				CLANG_WARN_OBJC_ROOT_CLASS = YES_ERROR;
				CLANG_WARN_UNREACHABLE_CODE = YES;
				CLANG_WARN__DUPLICATE_METHOD_MATCH = YES;
				"CODE_SIGN_IDENTITY[sdk=iphoneos*]" = "iPhone Developer";
				COPY_PHASE_STRIP = NO;
				DEBUG_INFORMATION_FORMAT = "dwarf-with-dsym";
				ENABLE_STRICT_OBJC_MSGSEND = YES;
				GCC_C_LANGUAGE_STANDARD = gnu99;
				GCC_DYNAMIC_NO_PIC = NO;
				GCC_NO_COMMON_BLOCKS = YES;
				GCC_OPTIMIZATION_LEVEL = 0;
				GCC_PREPROCESSOR_DEFINITIONS = (
					"DEBUG=1",
					"$(inherited)",
				);
				GCC_SYMBOLS_PRIVATE_EXTERN = NO;
				GCC_WARN_64_TO_32_BIT_CONVERSION = YES;
				GCC_WARN_ABOUT_RETURN_TYPE = YES_ERROR;
				GCC_WARN_UNDECLARED_SELECTOR = YES;
				GCC_WARN_UNINITIALIZED_AUTOS = YES_AGGRESSIVE;
				GCC_WARN_UNUSED_FUNCTION = YES;
				GCC_WARN_UNUSED_VARIABLE = YES;
				IPHONEOS_DEPLOYMENT_TARGET = 8.3;
				MTL_ENABLE_DEBUG_INFO = YES;
				ONLY_ACTIVE_ARCH = YES;
				SDKROOT = iphoneos;
				TARGETED_DEVICE_FAMILY = "1,2";
			};
			name = Debug;
		};
/* End XCBuildConfiguration section */

/* Begin XCConfigurationList section */
		1A56369764C2A73331CBB895 /* Build configuration list for PBXNativeTarget "InputStickDemo" */ = {
			isa = XCConfigurationList;
			buildConfigurations = (
				1A563202FAE790C7507AA1CD /* Debug */,
				1A5638C271BB11BB0B40B804 /* Release */,
			);
			defaultConfigurationIsVisible = 0;
			defaultConfigurationName = Release;
		};
		1A563858F34AF3B04B65EA4E /* Build configuration list for PBXProject "InputStickDemo" */ = {
			isa = XCConfigurationList;
			buildConfigurations = (
				1A563BEE358BF0FBAD0D4B25 /* Debug */,
				1A563A638CBA5A4A75DEFBAF /* Release */,
			);
			defaultConfigurationIsVisible = 0;
			defaultConfigurationName = Release;
		};
/* End XCConfigurationList section */
	};
	rootObject = 1A5635D6B8137217C7265384 /* Project object */;
}
